
Microsoft Visual Studio Solution File, Format Version 12.00
# Visual Studio Version 16
VisualStudioVersion = 16.0.31515.178
MinimumVisualStudioVersion = 10.0.40219.1
Project("{FAE04EC0-301F-11D3-BF4B-00C04F79EFBC}") = "App1", "App1\App1.csproj", "{D7932BB1-3A39-4298-BC4E-3C4AC5023403}"
EndProject
Project("{FAE04EC0-301F-11D3-BF4B-00C04F79EFBC}") = "App2", "App2\App2.csproj", "{4DFCF7BA-A435-4E1F-963E-D2A749AADAC6}"
EndProject
Project("{FAE04EC0-301F-11D3-BF4B-00C04F79EFBC}") = "App3", "App3\App3.csproj", "{7E1D2F35-B1A1-4A8D-9294-D495A0FFDDC7}"
EndProject
Project("{FAE04EC0-301F-11D3-BF4B-00C04F79EFBC}") = "App4", "App4\App4.csproj", "{3DBDD9F7-0684-43BF-979D-BB7D39055D30}"
EndProject
Project("{FAE04EC0-301F-11D3-BF4B-00C04F79EFBC}") = "App5", "App5\App5.csproj", "{D61D3AA6-4006-4BDB-8AE8-87BE4CBE091D}"
EndProject
Global
	GlobalSection(SolutionConfigurationPlatforms) = preSolution
		Debug|Any CPU = Debug|Any CPU
		Release|Any CPU = Release|Any CPU
	EndGlobalSection
	GlobalSection(ProjectConfigurationPlatforms) = postSolution
		{D7932BB1-3A39-4298-BC4E-3C4AC5023403}.Debug|Any CPU.ActiveCfg = Debug|Any CPU
		{D7932BB1-3A39-4298-BC4E-3C4AC5023403}.Debug|Any CPU.Build.0 = Debug|Any CPU
		{D7932BB1-3A39-4298-BC4E-3C4AC5023403}.Release|Any CPU.ActiveCfg = Release|Any CPU
		{D7932BB1-3A39-4298-BC4E-3C4AC5023403}.Release|Any CPU.Build.0 = Release|Any CPU
		{4DFCF7BA-A435-4E1F-963E-D2A749AADAC6}.Debug|Any CPU.ActiveCfg = Debug|Any CPU
		{4DFCF7BA-A435-4E1F-963E-D2A749AADAC6}.Debug|Any CPU.Build.0 = Debug|Any CPU
		{4DFCF7BA-A435-4E1F-963E-D2A749AADAC6}.Release|Any CPU.ActiveCfg = Release|Any CPU
		{4DFCF7BA-A435-4E1F-963E-D2A749AADAC6}.Release|Any CPU.Build.0 = Release|Any CPU
		{7E1D2F35-B1A1-4A8D-9294-D495A0FFDDC7}.Debug|Any CPU.ActiveCfg = Debug|Any CPU
		{7E1D2F35-B1A1-4A8D-9294-D495A0FFDDC7}.Debug|Any CPU.Build.0 = Debug|Any CPU
		{7E1D2F35-B1A1-4A8D-9294-D495A0FFDDC7}.Release|Any CPU.ActiveCfg = Release|Any CPU
		{7E1D2F35-B1A1-4A8D-9294-D495A0FFDDC7}.Release|Any CPU.Build.0 = Release|Any CPU
		{3DBDD9F7-0684-43BF-979D-BB7D39055D30}.Debug|Any CPU.ActiveCfg = Debug|Any CPU
		{3DBDD9F7-0684-43BF-979D-BB7D39055D30}.Debug|Any CPU.Build.0 = Debug|Any CPU
		{3DBDD9F7-0684-43BF-979D-BB7D39055D30}.Release|Any CPU.ActiveCfg = Release|Any CPU
		{3DBDD9F7-0684-43BF-979D-BB7D39055D30}.Release|Any CPU.Build.0 = Release|Any CPU
		{D61D3AA6-4006-4BDB-8AE8-87BE4CBE091D}.Debug|Any CPU.ActiveCfg = Debug|Any CPU
		{D61D3AA6-4006-4BDB-8AE8-87BE4CBE091D}.Debug|Any CPU.Build.0 = Debug|Any CPU
		{D61D3AA6-4006-4BDB-8AE8-87BE4CBE091D}.Release|Any CPU.ActiveCfg = Release|Any CPU
		{D61D3AA6-4006-4BDB-8AE8-87BE4CBE091D}.Release|Any CPU.Build.0 = Release|Any CPU
	EndGlobalSection
	GlobalSection(SolutionProperties) = preSolution
		HideSolutionNode = FALSE
	EndGlobalSection
	GlobalSection(ExtensibilityGlobals) = postSolution
		SolutionGuid = {76ED018D-73CA-405C-BCCF-1542528C6F61}
	EndGlobalSection
EndGlobal
